
Microsoft Visual Studio Solution File, Format Version 12.00
# Visual Studio 15
VisualStudioVersion = 15.0.27703.2026
MinimumVisualStudioVersion = 10.0.40219.1
Project("{FAE04EC0-301F-11D3-BF4B-00C04F79EFBC}") = "ToDoer.Web.Angular", "ToDoer.Web.Angular\ToDoer.Web.Angular.csproj", "{B3B48CA2-046F-4DD3-A80F-76BEC923CFBB}"
EndProject
Global
	GlobalSection(SolutionConfigurationPlatforms) = preSolution
		Debug|Any CPU = Debug|Any CPU
		Release|Any CPU = Release|Any CPU
	EndGlobalSection
	GlobalSection(ProjectConfigurationPlatforms) = postSolution
		{B3B48CA2-046F-4DD3-A80F-76BEC923CFBB}.Debug|Any CPU.ActiveCfg = Debug|Any CPU
		{B3B48CA2-046F-4DD3-A80F-76BEC923CFBB}.Debug|Any CPU.Build.0 = Debug|Any CPU
		{B3B48CA2-046F-4DD3-A80F-76BEC923CFBB}.Release|Any CPU.ActiveCfg = Release|Any CPU
		{B3B48CA2-046F-4DD3-A80F-76BEC923CFBB}.Release|Any CPU.Build.0 = Release|Any CPU
	EndGlobalSection
	GlobalSection(SolutionProperties) = preSolution
		HideSolutionNode = FALSE
	EndGlobalSection
	GlobalSection(ExtensibilityGlobals) = postSolution
		SolutionGuid = {E74789BB-5158-467C-B7D1-F89CBBFC9824}
	EndGlobalSection
EndGlobal
